
Microsoft Visual Studio Solution File, Format Version 12.00
# Visual Studio Version 17
VisualStudioVersion = 17.5.33502.453
MinimumVisualStudioVersion = 10.0.40219.1
Project("{9A19103F-16F7-4668-BE54-9A1E7A4F7556}") = "NetCore.Web", "NetCore.Web\NetCore.Web.csproj", "{26C84EE4-5FCC-44B6-AE89-E22088A5351D}"
EndProject
Project("{9A19103F-16F7-4668-BE54-9A1E7A4F7556}") = "NetCore.Services", "NetCore.Services\NetCore.Services.csproj", "{239BF013-2275-452A-BB9E-926284632565}"
EndProject
Project("{9A19103F-16F7-4668-BE54-9A1E7A4F7556}") = "NetCore.Data", "NetCore.Data\NetCore.Data.csproj", "{EA6AD145-91B0-44CE-831D-AC4FB49BF3A2}"
EndProject
Project("{9A19103F-16F7-4668-BE54-9A1E7A4F7556}") = "NetCore.Migrations", "NetCore.Migrations\NetCore.Migrations.csproj", "{17D4CE37-EAB3-48F7-8173-EAB4A54BB5C5}"
EndProject
Project("{FAE04EC0-301F-11D3-BF4B-00C04F79EFBC}") = "NetCore.Databases", "NetCore.Databases\NetCore.Databases.csproj", "{5A25B8DA-37B2-40F3-B50F-2D3D70DA1976}"
EndProject
Project("{9A19103F-16F7-4668-BE54-9A1E7A4F7556}") = "NetCore.Utilites", "NetCore.Utilites\NetCore.Utilites.csproj", "{EAEF62D2-25B4-4B66-9E86-623A8721DC25}"
EndProject
Project("{FAE04EC0-301F-11D3-BF4B-00C04F79EFBC}") = "NetCore.Test.PasswordHasher", "NetCore.Test.PasswordHasher\NetCore.Test.PasswordHasher.csproj", "{FC603571-706E-4E16-8623-3BAE50A17750}"
EndProject
Global
	GlobalSection(SolutionConfigurationPlatforms) = preSolution
		Debug|Any CPU = Debug|Any CPU
		Release|Any CPU = Release|Any CPU
	EndGlobalSection
	GlobalSection(ProjectConfigurationPlatforms) = postSolution
		{26C84EE4-5FCC-44B6-AE89-E22088A5351D}.Debug|Any CPU.ActiveCfg = Debug|Any CPU
		{26C84EE4-5FCC-44B6-AE89-E22088A5351D}.Debug|Any CPU.Build.0 = Debug|Any CPU
		{26C84EE4-5FCC-44B6-AE89-E22088A5351D}.Release|Any CPU.ActiveCfg = Release|Any CPU
		{26C84EE4-5FCC-44B6-AE89-E22088A5351D}.Release|Any CPU.Build.0 = Release|Any CPU
		{239BF013-2275-452A-BB9E-926284632565}.Debug|Any CPU.ActiveCfg = Debug|Any CPU
		{239BF013-2275-452A-BB9E-926284632565}.Debug|Any CPU.Build.0 = Debug|Any CPU
		{239BF013-2275-452A-BB9E-926284632565}.Release|Any CPU.ActiveCfg = Release|Any CPU
		{239BF013-2275-452A-BB9E-926284632565}.Release|Any CPU.Build.0 = Release|Any CPU
		{EA6AD145-91B0-44CE-831D-AC4FB49BF3A2}.Debug|Any CPU.ActiveCfg = Debug|Any CPU
		{EA6AD145-91B0-44CE-831D-AC4FB49BF3A2}.Debug|Any CPU.Build.0 = Debug|Any CPU
		{EA6AD145-91B0-44CE-831D-AC4FB49BF3A2}.Release|Any CPU.ActiveCfg = Release|Any CPU
		{EA6AD145-91B0-44CE-831D-AC4FB49BF3A2}.Release|Any CPU.Build.0 = Release|Any CPU
		{17D4CE37-EAB3-48F7-8173-EAB4A54BB5C5}.Debug|Any CPU.ActiveCfg = Debug|Any CPU
		{17D4CE37-EAB3-48F7-8173-EAB4A54BB5C5}.Debug|Any CPU.Build.0 = Debug|Any CPU
		{17D4CE37-EAB3-48F7-8173-EAB4A54BB5C5}.Release|Any CPU.ActiveCfg = Release|Any CPU
		{17D4CE37-EAB3-48F7-8173-EAB4A54BB5C5}.Release|Any CPU.Build.0 = Release|Any CPU
		{5A25B8DA-37B2-40F3-B50F-2D3D70DA1976}.Debug|Any CPU.ActiveCfg = Debug|Any CPU
		{5A25B8DA-37B2-40F3-B50F-2D3D70DA1976}.Debug|Any CPU.Build.0 = Debug|Any CPU
		{5A25B8DA-37B2-40F3-B50F-2D3D70DA1976}.Release|Any CPU.ActiveCfg = Release|Any CPU
		{5A25B8DA-37B2-40F3-B50F-2D3D70DA1976}.Release|Any CPU.Build.0 = Release|Any CPU
		{EAEF62D2-25B4-4B66-9E86-623A8721DC25}.Debug|Any CPU.ActiveCfg = Debug|Any CPU
		{EAEF62D2-25B4-4B66-9E86-623A8721DC25}.Debug|Any CPU.Build.0 = Debug|Any CPU
		{EAEF62D2-25B4-4B66-9E86-623A8721DC25}.Release|Any CPU.ActiveCfg = Release|Any CPU
		{EAEF62D2-25B4-4B66-9E86-623A8721DC25}.Release|Any CPU.Build.0 = Release|Any CPU
		{FC603571-706E-4E16-8623-3BAE50A17750}.Debug|Any CPU.ActiveCfg = Debug|Any CPU
		{FC603571-706E-4E16-8623-3BAE50A17750}.Debug|Any CPU.Build.0 = Debug|Any CPU
		{FC603571-706E-4E16-8623-3BAE50A17750}.Release|Any CPU.ActiveCfg = Release|Any CPU
		{FC603571-706E-4E16-8623-3BAE50A17750}.Release|Any CPU.Build.0 = Release|Any CPU
	EndGlobalSection
	GlobalSection(SolutionProperties) = preSolution
		HideSolutionNode = FALSE
	EndGlobalSection
	GlobalSection(ExtensibilityGlobals) = postSolution
		SolutionGuid = {ACAB9A19-913A-4DEC-A7EC-03A23CCB9D2A}
	EndGlobalSection
EndGlobal
